
Microsoft Visual Studio Solution File, Format Version 12.00
# Visual Studio 15
VisualStudioVersion = 15.0.28307.1340
MinimumVisualStudioVersion = 10.0.40219.1
Project("{9A19103F-16F7-4668-BE54-9A1E7A4F7556}") = "Demo", "examples\Demo\Demo.csproj", "{6F79B809-2EB7-429D-AEBF-79C442B6FFB2}"
EndProject
Project("{9A19103F-16F7-4668-BE54-9A1E7A4F7556}") = "AddressParsing", "src\AddressParsing\AddressParsing.csproj", "{98A1D128-ACD1-4239-B9EC-DD5E88E71DE3}"
EndProject
Global
	GlobalSection(SolutionConfigurationPlatforms) = preSolution
		Debug|Any CPU = Debug|Any CPU
		Release|Any CPU = Release|Any CPU
	EndGlobalSection
	GlobalSection(ProjectConfigurationPlatforms) = postSolution
		{6F79B809-2EB7-429D-AEBF-79C442B6FFB2}.Debug|Any CPU.ActiveCfg = Debug|Any CPU
		{6F79B809-2EB7-429D-AEBF-79C442B6FFB2}.Debug|Any CPU.Build.0 = Debug|Any CPU
		{6F79B809-2EB7-429D-AEBF-79C442B6FFB2}.Release|Any CPU.ActiveCfg = Release|Any CPU
		{6F79B809-2EB7-429D-AEBF-79C442B6FFB2}.Release|Any CPU.Build.0 = Release|Any CPU
		{98A1D128-ACD1-4239-B9EC-DD5E88E71DE3}.Debug|Any CPU.ActiveCfg = Debug|Any CPU
		{98A1D128-ACD1-4239-B9EC-DD5E88E71DE3}.Debug|Any CPU.Build.0 = Debug|Any CPU
		{98A1D128-ACD1-4239-B9EC-DD5E88E71DE3}.Release|Any CPU.ActiveCfg = Release|Any CPU
		{98A1D128-ACD1-4239-B9EC-DD5E88E71DE3}.Release|Any CPU.Build.0 = Release|Any CPU
	EndGlobalSection
	GlobalSection(SolutionProperties) = preSolution
		HideSolutionNode = FALSE
	EndGlobalSection
	GlobalSection(ExtensibilityGlobals) = postSolution
		SolutionGuid = {E9664C5B-B11F-4620-85B5-B6BF6A4E7858}
	EndGlobalSection
EndGlobal
