
Microsoft Visual Studio Solution File, Format Version 12.00
# Visual Studio 15
VisualStudioVersion = 15.0.28307.1340
MinimumVisualStudioVersion = 10.0.40219.1
Project("{FAE04EC0-301F-11D3-BF4B-00C04F79EFBC}") = "AddressParsing", "AddressParsing\AddressParsing.csproj", "{C0F26E1C-127B-4D40-80C7-487DC91A2105}"
EndProject
Global
	GlobalSection(SolutionConfigurationPlatforms) = preSolution
		Debug|Any CPU = Debug|Any CPU
		Release|Any CPU = Release|Any CPU
	EndGlobalSection
	GlobalSection(ProjectConfigurationPlatforms) = postSolution
		{C0F26E1C-127B-4D40-80C7-487DC91A2105}.Debug|Any CPU.ActiveCfg = Debug|Any CPU
		{C0F26E1C-127B-4D40-80C7-487DC91A2105}.Debug|Any CPU.Build.0 = Debug|Any CPU
		{C0F26E1C-127B-4D40-80C7-487DC91A2105}.Release|Any CPU.ActiveCfg = Release|Any CPU
		{C0F26E1C-127B-4D40-80C7-487DC91A2105}.Release|Any CPU.Build.0 = Release|Any CPU
	EndGlobalSection
	GlobalSection(SolutionProperties) = preSolution
		HideSolutionNode = FALSE
	EndGlobalSection
	GlobalSection(ExtensibilityGlobals) = postSolution
		SolutionGuid = {E9664C5B-B11F-4620-85B5-B6BF6A4E7858}
	EndGlobalSection
EndGlobal
